<?xml version="1.0" encoding="utf-8"?>
<Project ToolsVersion="4.0" xmlns="http://schemas.microsoft.com/developer/msbuild/2003">
  <ItemGroup>
    <Filter Include="Source Files">
      <UniqueIdentifier>{4FC737F1-C7A5-4376-A066-2A32D752A2FF}</UniqueIdentifier>
      <Extensions>cpp;c;cc;cxx;def;odl;idl;hpj;bat;asm;asmx</Extensions>
    </Filter>
    <Filter Include="Header Files">
      <UniqueIdentifier>{93995380-89BD-4b04-88EB-625FBE52EBFB}</UniqueIdentifier>
      <Extensions>h;hpp;hxx;hm;inl;inc;xsd</Extensions>
    </Filter>
    <Filter Include="Resource Files">
      <UniqueIdentifier>{67DA6AB6-F800-4c08-8B7A-83BB121AAD01}</UniqueIdentifier>
      <Extensions>rc;ico;cur;bmp;dlg;rc2;rct;bin;rgs;gif;jpg;jpeg;jpe;resx;tiff;tif;png;wav;mfcribbon-ms</Extensions>
    </Filter>
    <Filter Include="SMPSPlay Header Files">
      <UniqueIdentifier>{5cd3d815-5d19-49b7-b91e-8483ec4cddea}</UniqueIdentifier>
      <Extensions>h;hpp;hxx</Extensions>
    </Filter>
    <Filter Include="SMPSPlay Source Files">
      <UniqueIdentifier>{0efa9d90-341b-4e4e-8f3a-3fc734e834e1}</UniqueIdentifier>
      <Extensions>cpp;c;cc;cxx</Extensions>
    </Filter>
  </ItemGroup>
  <ItemGroup>
    <None Include="ReadMe.txt" />
  </ItemGroup>
  <ItemGroup>
    <ClInclude Include="resource.h">
      <Filter>Header Files</Filter>
    </ClInclude>
    <ClInclude Include="IniFile.hpp">
      <Filter>Header Files</Filter>
    </ClInclude>
    <ClInclude Include="songinfo.h">
      <Filter>Header Files</Filter>
    </ClInclude>
    <ClInclude Include="musicid.gen.h">
      <Filter>Header Files</Filter>
    </ClInclude>
    <ClInclude Include="resource.gen.h">
      <Filter>Header Files</Filter>
    </ClInclude>
    <ClInclude Include="..\SMPSPlay\src\Sound.h">
      <Filter>SMPSPlay Header Files</Filter>
    </ClInclude>
    <ClInclude Include="..\SMPSPlay\src\Engine\smps_structs.h">
      <Filter>SMPSPlay Header Files</Filter>
    </ClInclude>
    <ClInclude Include="..\SMPSPlay\src\Engine\smps_structs_int.h">
      <Filter>SMPSPlay Header Files</Filter>
    </ClInclude>
    <ClInclude Include="..\SMPSPlay\src\Engine\dac.h">
      <Filter>SMPSPlay Header Files</Filter>
    </ClInclude>
    <ClInclude Include="..\SMPSPlay\src\loader.h">
      <Filter>SMPSPlay Header Files</Filter>
    </ClInclude>
    <ClInclude Include="..\SMPSPlay\src\loader_data.h">
      <Filter>SMPSPlay Header Files</Filter>
    </ClInclude>
    <ClInclude Include="..\SMPSPlay\src\loader_smps.h">
      <Filter>SMPSPlay Header Files</Filter>
    </ClInclude>
    <ClInclude Include="..\SMPSPlay\src\Engine\smps.h">
      <Filter>SMPSPlay Header Files</Filter>
    </ClInclude>
    <ClInclude Include="..\SMPSPlay\src\Engine\smps_commands.h">
      <Filter>SMPSPlay Header Files</Filter>
    </ClInclude>
    <ClInclude Include="..\SMPSPlay\src\Engine\smps_int.h">
      <Filter>SMPSPlay Header Files</Filter>
    </ClInclude>
    <ClInclude Include="SMPSPlay.h">
      <Filter>Header Files</Filter>
    </ClInclude>
  </ItemGroup>
  <ItemGroup>
    <ClCompile Include="dllmain.cpp">
      <Filter>Source Files</Filter>
    </ClCompile>
    <ClCompile Include="IniFile.cpp">
      <Filter>Source Files</Filter>
    </ClCompile>
    <ClCompile Include="songinfo.gen.cpp">
      <Filter>Source Files</Filter>
    </ClCompile>
    <ClCompile Include="..\SMPSPlay\src\Engine\dac.c">
      <Filter>SMPSPlay Source Files</Filter>
    </ClCompile>
    <ClCompile Include="..\SMPSPlay\src\Engine\smps.c">
      <Filter>SMPSPlay Source Files</Filter>
    </ClCompile>
    <ClCompile Include="..\SMPSPlay\src\Engine\smps_commands.c">
      <Filter>SMPSPlay Source Files</Filter>
    </ClCompile>
    <ClCompile Include="..\SMPSPlay\src\Engine\smps_drums.c">
      <Filter>SMPSPlay Source Files</Filter>
    </ClCompile>
    <ClCompile Include="..\SMPSPlay\src\Engine\smps_extra.c">
      <Filter>SMPSPlay Source Files</Filter>
    </ClCompile>
    <ClCompile Include="..\SMPSPlay\src\loader_data.c">
      <Filter>SMPSPlay Source Files</Filter>
    </ClCompile>
    <ClCompile Include="..\SMPSPlay\src\loader_smps.c">
      <Filter>SMPSPlay Source Files</Filter>
    </ClCompile>
    <ClCompile Include="..\SMPSPlay\src\Sound.c">
      <Filter>SMPSPlay Source Files</Filter>
    </ClCompile>
    <ClCompile Include="SMPSPlay.cpp">
      <Filter>Source Files</Filter>
    </ClCompile>
  </ItemGroup>
  <ItemGroup>
    <ResourceCompile Include="SMPSPlay.gen.rc">
      <Filter>Resource Files</Filter>
    </ResourceCompile>
    <ResourceCompile Include="SMPSPlay.rc">
      <Filter>Resource Files</Filter>
    </ResourceCompile>
  </ItemGroup>
</Project>